
Microsoft Visual Studio Solution File, Format Version 12.00
# Visual Studio Version 16
VisualStudioVersion = 16.0.32106.194
MinimumVisualStudioVersion = 10.0.40219.1
Project("{9A19103F-16F7-4668-BE54-9A1E7A4F7556}") = "SignalRProject.Entity", "SignalRProject.Entity\SignalRProject.Entity.csproj", "{C01381FD-5902-4C7D-9DA5-938408CB604F}"
EndProject
Project("{9A19103F-16F7-4668-BE54-9A1E7A4F7556}") = "SignalRProject.Api", "SignalRProject.Api\SignalRProject.Api.csproj", "{7FDB652A-A2F5-4191-97A2-7BFAE78CB85A}"
EndProject
Project("{FAE04EC0-301F-11D3-BF4B-00C04F79EFBC}") = "SignalRProject.WebUI", "SignalRProject.WebUI\SignalRProject.WebUI.csproj", "{3DA3E816-DBAD-4713-B5FB-115ACF9F9AE9}"
EndProject
Global
	GlobalSection(SolutionConfigurationPlatforms) = preSolution
		Debug|Any CPU = Debug|Any CPU
		Release|Any CPU = Release|Any CPU
	EndGlobalSection
	GlobalSection(ProjectConfigurationPlatforms) = postSolution
		{C01381FD-5902-4C7D-9DA5-938408CB604F}.Debug|Any CPU.ActiveCfg = Debug|Any CPU
		{C01381FD-5902-4C7D-9DA5-938408CB604F}.Debug|Any CPU.Build.0 = Debug|Any CPU
		{C01381FD-5902-4C7D-9DA5-938408CB604F}.Release|Any CPU.ActiveCfg = Release|Any CPU
		{C01381FD-5902-4C7D-9DA5-938408CB604F}.Release|Any CPU.Build.0 = Release|Any CPU
		{7FDB652A-A2F5-4191-97A2-7BFAE78CB85A}.Debug|Any CPU.ActiveCfg = Debug|Any CPU
		{7FDB652A-A2F5-4191-97A2-7BFAE78CB85A}.Debug|Any CPU.Build.0 = Debug|Any CPU
		{7FDB652A-A2F5-4191-97A2-7BFAE78CB85A}.Release|Any CPU.ActiveCfg = Release|Any CPU
		{7FDB652A-A2F5-4191-97A2-7BFAE78CB85A}.Release|Any CPU.Build.0 = Release|Any CPU
		{3DA3E816-DBAD-4713-B5FB-115ACF9F9AE9}.Debug|Any CPU.ActiveCfg = Debug|Any CPU
		{3DA3E816-DBAD-4713-B5FB-115ACF9F9AE9}.Debug|Any CPU.Build.0 = Debug|Any CPU
		{3DA3E816-DBAD-4713-B5FB-115ACF9F9AE9}.Release|Any CPU.ActiveCfg = Release|Any CPU
		{3DA3E816-DBAD-4713-B5FB-115ACF9F9AE9}.Release|Any CPU.Build.0 = Release|Any CPU
	EndGlobalSection
	GlobalSection(SolutionProperties) = preSolution
		HideSolutionNode = FALSE
	EndGlobalSection
	GlobalSection(ExtensibilityGlobals) = postSolution
		SolutionGuid = {E9231AA1-2675-4DF3-AF24-76310E5F07BB}
	EndGlobalSection
EndGlobal
